
Microsoft Visual Studio Solution File, Format Version 12.00
# Visual Studio Version 17
VisualStudioVersion = 17.8.34330.188
MinimumVisualStudioVersion = 10.0.40219.1
Project("{9A19103F-16F7-4668-BE54-9A1E7A4F7556}") = "20240102", "homework\20240102.csproj", "{D5831CD1-C1A6-4CEB-B6D7-533374D606D4}"
EndProject
Project("{9A19103F-16F7-4668-BE54-9A1E7A4F7556}") = "20240102 - 02", "20240102 - 02\20240102 - 02.csproj", "{95EFCE6F-5173-47F8-A611-106F619471B3}"
EndProject
Project("{9A19103F-16F7-4668-BE54-9A1E7A4F7556}") = "20240102 - 03", "20240102 - 03\20240102 - 03.csproj", "{89CBE9A7-5F4F-4C96-97C0-3DD48A51BF81}"
EndProject
Project("{9A19103F-16F7-4668-BE54-9A1E7A4F7556}") = "20231228 - 01", "20231228 - 01\20231228 - 01.csproj", "{01437436-042C-4151-BBA0-A8C591A641D4}"
EndProject
Project("{9A19103F-16F7-4668-BE54-9A1E7A4F7556}") = "20231228- 02", "20231228- 02\20231228- 02.csproj", "{09AC3030-1C43-4A2A-8F1C-7E76D71D10EA}"
EndProject
Project("{9A19103F-16F7-4668-BE54-9A1E7A4F7556}") = "20231228-03", "20231228-03\20231228-03.csproj", "{D99F01D0-EE81-473D-B8D5-A0862C3A669F}"
EndProject
Project("{9A19103F-16F7-4668-BE54-9A1E7A4F7556}") = "20231228-04", "20231228-04\20231228-04.csproj", "{2C9750E3-7E10-490F-A54F-251A90F890DD}"
EndProject
Project("{9A19103F-16F7-4668-BE54-9A1E7A4F7556}") = "20231229 - 01", "20231229 - 01\20231229 - 01.csproj", "{683B9964-AD59-48E8-BF24-B3D9BD41CF29}"
EndProject
Project("{9A19103F-16F7-4668-BE54-9A1E7A4F7556}") = "20231229 - 02", "20231229 - 02\20231229 - 02.csproj", "{7B0891DC-C808-4982-AB5D-8C2396D0CFE8}"
EndProject
Project("{9A19103F-16F7-4668-BE54-9A1E7A4F7556}") = "20240103 - 01", "20240103 - 01\20240103 - 01.csproj", "{E17A1A85-C7F8-42FD-9DE8-5D892866FA76}"
EndProject
Project("{9A19103F-16F7-4668-BE54-9A1E7A4F7556}") = "20240103 - 02", "20240103 - 02\20240103 - 02.csproj", "{A0A7B331-4CD7-4A39-98ED-30EB95B6199F}"
EndProject
Project("{9A19103F-16F7-4668-BE54-9A1E7A4F7556}") = "delegate func", "뭘까\delegate func.csproj", "{29DCBEDC-6D76-4383-8A31-30C47AA0871E}"
EndProject
Project("{9A19103F-16F7-4668-BE54-9A1E7A4F7556}") = "20240103-03", "20240103-03\20240103-03.csproj", "{EA4D5CC1-BDB8-458E-AA45-59C4548EFDFB}"
EndProject
Project("{9A19103F-16F7-4668-BE54-9A1E7A4F7556}") = "20240104 - 01", "20240104 - 01\20240104 - 01.csproj", "{BB857F3E-1D8E-416F-819C-F9EB72E2C3EE}"
EndProject
Project("{9A19103F-16F7-4668-BE54-9A1E7A4F7556}") = "20240104 - 02", "20240104 - 02\20240104 - 02.csproj", "{599961C5-DFC2-44D1-B688-39AE089A9A65}"
EndProject
Project("{9A19103F-16F7-4668-BE54-9A1E7A4F7556}") = "20240104-03", "20240105 - 03\20240104-03.csproj", "{9E27B8E1-A383-4466-89C4-07E2ABD93D4D}"
EndProject
Project("{9A19103F-16F7-4668-BE54-9A1E7A4F7556}") = "20240105-01", "20240105-01\20240105-01.csproj", "{AC309967-72AD-4261-88B5-48DF3358AC30}"
EndProject
Project("{9A19103F-16F7-4668-BE54-9A1E7A4F7556}") = "20240105-02", "20240105-02\20240105-02.csproj", "{A30D82CE-B1CA-448C-A14F-8EB417C3D28A}"
EndProject
Project("{9A19103F-16F7-4668-BE54-9A1E7A4F7556}") = "20240105-03", "20240105-03\20240105-03.csproj", "{8D8BF0DE-87EA-4774-9DFE-A8B84BE0115C}"
EndProject
Project("{9A19103F-16F7-4668-BE54-9A1E7A4F7556}") = "20240105-04", "20240105-04\20240105-04.csproj", "{904BFF70-D10B-4EFC-B996-E239CBCBFA8B}"
EndProject
Project("{9A19103F-16F7-4668-BE54-9A1E7A4F7556}") = "20240105-05", "20240105-05\20240105-05.csproj", "{8F2C94DD-4F0E-44CF-986B-65B6C9AF301F}"
EndProject
Global
	GlobalSection(SolutionConfigurationPlatforms) = preSolution
		Debug|Any CPU = Debug|Any CPU
		Release|Any CPU = Release|Any CPU
	EndGlobalSection
	GlobalSection(ProjectConfigurationPlatforms) = postSolution
		{D5831CD1-C1A6-4CEB-B6D7-533374D606D4}.Debug|Any CPU.ActiveCfg = Debug|Any CPU
		{D5831CD1-C1A6-4CEB-B6D7-533374D606D4}.Debug|Any CPU.Build.0 = Debug|Any CPU
		{D5831CD1-C1A6-4CEB-B6D7-533374D606D4}.Release|Any CPU.ActiveCfg = Release|Any CPU
		{D5831CD1-C1A6-4CEB-B6D7-533374D606D4}.Release|Any CPU.Build.0 = Release|Any CPU
		{95EFCE6F-5173-47F8-A611-106F619471B3}.Debug|Any CPU.ActiveCfg = Debug|Any CPU
		{95EFCE6F-5173-47F8-A611-106F619471B3}.Debug|Any CPU.Build.0 = Debug|Any CPU
		{95EFCE6F-5173-47F8-A611-106F619471B3}.Release|Any CPU.ActiveCfg = Release|Any CPU
		{95EFCE6F-5173-47F8-A611-106F619471B3}.Release|Any CPU.Build.0 = Release|Any CPU
		{89CBE9A7-5F4F-4C96-97C0-3DD48A51BF81}.Debug|Any CPU.ActiveCfg = Debug|Any CPU
		{89CBE9A7-5F4F-4C96-97C0-3DD48A51BF81}.Debug|Any CPU.Build.0 = Debug|Any CPU
		{89CBE9A7-5F4F-4C96-97C0-3DD48A51BF81}.Release|Any CPU.ActiveCfg = Release|Any CPU
		{89CBE9A7-5F4F-4C96-97C0-3DD48A51BF81}.Release|Any CPU.Build.0 = Release|Any CPU
		{01437436-042C-4151-BBA0-A8C591A641D4}.Debug|Any CPU.ActiveCfg = Debug|Any CPU
		{01437436-042C-4151-BBA0-A8C591A641D4}.Debug|Any CPU.Build.0 = Debug|Any CPU
		{01437436-042C-4151-BBA0-A8C591A641D4}.Release|Any CPU.ActiveCfg = Release|Any CPU
		{01437436-042C-4151-BBA0-A8C591A641D4}.Release|Any CPU.Build.0 = Release|Any CPU
		{09AC3030-1C43-4A2A-8F1C-7E76D71D10EA}.Debug|Any CPU.ActiveCfg = Debug|Any CPU
		{09AC3030-1C43-4A2A-8F1C-7E76D71D10EA}.Debug|Any CPU.Build.0 = Debug|Any CPU
		{09AC3030-1C43-4A2A-8F1C-7E76D71D10EA}.Release|Any CPU.ActiveCfg = Release|Any CPU
		{09AC3030-1C43-4A2A-8F1C-7E76D71D10EA}.Release|Any CPU.Build.0 = Release|Any CPU
		{D99F01D0-EE81-473D-B8D5-A0862C3A669F}.Debug|Any CPU.ActiveCfg = Debug|Any CPU
		{D99F01D0-EE81-473D-B8D5-A0862C3A669F}.Debug|Any CPU.Build.0 = Debug|Any CPU
		{D99F01D0-EE81-473D-B8D5-A0862C3A669F}.Release|Any CPU.ActiveCfg = Release|Any CPU
		{D99F01D0-EE81-473D-B8D5-A0862C3A669F}.Release|Any CPU.Build.0 = Release|Any CPU
		{2C9750E3-7E10-490F-A54F-251A90F890DD}.Debug|Any CPU.ActiveCfg = Debug|Any CPU
		{2C9750E3-7E10-490F-A54F-251A90F890DD}.Debug|Any CPU.Build.0 = Debug|Any CPU
		{2C9750E3-7E10-490F-A54F-251A90F890DD}.Release|Any CPU.ActiveCfg = Release|Any CPU
		{2C9750E3-7E10-490F-A54F-251A90F890DD}.Release|Any CPU.Build.0 = Release|Any CPU
		{683B9964-AD59-48E8-BF24-B3D9BD41CF29}.Debug|Any CPU.ActiveCfg = Debug|Any CPU
		{683B9964-AD59-48E8-BF24-B3D9BD41CF29}.Debug|Any CPU.Build.0 = Debug|Any CPU
		{683B9964-AD59-48E8-BF24-B3D9BD41CF29}.Release|Any CPU.ActiveCfg = Release|Any CPU
		{683B9964-AD59-48E8-BF24-B3D9BD41CF29}.Release|Any CPU.Build.0 = Release|Any CPU
		{7B0891DC-C808-4982-AB5D-8C2396D0CFE8}.Debug|Any CPU.ActiveCfg = Debug|Any CPU
		{7B0891DC-C808-4982-AB5D-8C2396D0CFE8}.Debug|Any CPU.Build.0 = Debug|Any CPU
		{7B0891DC-C808-4982-AB5D-8C2396D0CFE8}.Release|Any CPU.ActiveCfg = Release|Any CPU
		{7B0891DC-C808-4982-AB5D-8C2396D0CFE8}.Release|Any CPU.Build.0 = Release|Any CPU
		{E17A1A85-C7F8-42FD-9DE8-5D892866FA76}.Debug|Any CPU.ActiveCfg = Debug|Any CPU
		{E17A1A85-C7F8-42FD-9DE8-5D892866FA76}.Debug|Any CPU.Build.0 = Debug|Any CPU
		{E17A1A85-C7F8-42FD-9DE8-5D892866FA76}.Release|Any CPU.ActiveCfg = Release|Any CPU
		{E17A1A85-C7F8-42FD-9DE8-5D892866FA76}.Release|Any CPU.Build.0 = Release|Any CPU
		{A0A7B331-4CD7-4A39-98ED-30EB95B6199F}.Debug|Any CPU.ActiveCfg = Debug|Any CPU
		{A0A7B331-4CD7-4A39-98ED-30EB95B6199F}.Debug|Any CPU.Build.0 = Debug|Any CPU
		{A0A7B331-4CD7-4A39-98ED-30EB95B6199F}.Release|Any CPU.ActiveCfg = Release|Any CPU
		{A0A7B331-4CD7-4A39-98ED-30EB95B6199F}.Release|Any CPU.Build.0 = Release|Any CPU
		{29DCBEDC-6D76-4383-8A31-30C47AA0871E}.Debug|Any CPU.ActiveCfg = Debug|Any CPU
		{29DCBEDC-6D76-4383-8A31-30C47AA0871E}.Debug|Any CPU.Build.0 = Debug|Any CPU
		{29DCBEDC-6D76-4383-8A31-30C47AA0871E}.Release|Any CPU.ActiveCfg = Release|Any CPU
		{29DCBEDC-6D76-4383-8A31-30C47AA0871E}.Release|Any CPU.Build.0 = Release|Any CPU
		{EA4D5CC1-BDB8-458E-AA45-59C4548EFDFB}.Debug|Any CPU.ActiveCfg = Debug|Any CPU
		{EA4D5CC1-BDB8-458E-AA45-59C4548EFDFB}.Debug|Any CPU.Build.0 = Debug|Any CPU
		{EA4D5CC1-BDB8-458E-AA45-59C4548EFDFB}.Release|Any CPU.ActiveCfg = Release|Any CPU
		{EA4D5CC1-BDB8-458E-AA45-59C4548EFDFB}.Release|Any CPU.Build.0 = Release|Any CPU
		{BB857F3E-1D8E-416F-819C-F9EB72E2C3EE}.Debug|Any CPU.ActiveCfg = Debug|Any CPU
		{BB857F3E-1D8E-416F-819C-F9EB72E2C3EE}.Debug|Any CPU.Build.0 = Debug|Any CPU
		{BB857F3E-1D8E-416F-819C-F9EB72E2C3EE}.Release|Any CPU.ActiveCfg = Release|Any CPU
		{BB857F3E-1D8E-416F-819C-F9EB72E2C3EE}.Release|Any CPU.Build.0 = Release|Any CPU
		{599961C5-DFC2-44D1-B688-39AE089A9A65}.Debug|Any CPU.ActiveCfg = Debug|Any CPU
		{599961C5-DFC2-44D1-B688-39AE089A9A65}.Debug|Any CPU.Build.0 = Debug|Any CPU
		{599961C5-DFC2-44D1-B688-39AE089A9A65}.Release|Any CPU.ActiveCfg = Release|Any CPU
		{599961C5-DFC2-44D1-B688-39AE089A9A65}.Release|Any CPU.Build.0 = Release|Any CPU
		{9E27B8E1-A383-4466-89C4-07E2ABD93D4D}.Debug|Any CPU.ActiveCfg = Debug|Any CPU
		{9E27B8E1-A383-4466-89C4-07E2ABD93D4D}.Debug|Any CPU.Build.0 = Debug|Any CPU
		{9E27B8E1-A383-4466-89C4-07E2ABD93D4D}.Release|Any CPU.ActiveCfg = Release|Any CPU
		{9E27B8E1-A383-4466-89C4-07E2ABD93D4D}.Release|Any CPU.Build.0 = Release|Any CPU
		{AC309967-72AD-4261-88B5-48DF3358AC30}.Debug|Any CPU.ActiveCfg = Debug|Any CPU
		{AC309967-72AD-4261-88B5-48DF3358AC30}.Debug|Any CPU.Build.0 = Debug|Any CPU
		{AC309967-72AD-4261-88B5-48DF3358AC30}.Release|Any CPU.ActiveCfg = Release|Any CPU
		{AC309967-72AD-4261-88B5-48DF3358AC30}.Release|Any CPU.Build.0 = Release|Any CPU
		{A30D82CE-B1CA-448C-A14F-8EB417C3D28A}.Debug|Any CPU.ActiveCfg = Debug|Any CPU
		{A30D82CE-B1CA-448C-A14F-8EB417C3D28A}.Debug|Any CPU.Build.0 = Debug|Any CPU
		{A30D82CE-B1CA-448C-A14F-8EB417C3D28A}.Release|Any CPU.ActiveCfg = Release|Any CPU
		{A30D82CE-B1CA-448C-A14F-8EB417C3D28A}.Release|Any CPU.Build.0 = Release|Any CPU
		{8D8BF0DE-87EA-4774-9DFE-A8B84BE0115C}.Debug|Any CPU.ActiveCfg = Debug|Any CPU
		{8D8BF0DE-87EA-4774-9DFE-A8B84BE0115C}.Debug|Any CPU.Build.0 = Debug|Any CPU
		{8D8BF0DE-87EA-4774-9DFE-A8B84BE0115C}.Release|Any CPU.ActiveCfg = Release|Any CPU
		{8D8BF0DE-87EA-4774-9DFE-A8B84BE0115C}.Release|Any CPU.Build.0 = Release|Any CPU
		{904BFF70-D10B-4EFC-B996-E239CBCBFA8B}.Debug|Any CPU.ActiveCfg = Debug|Any CPU
		{904BFF70-D10B-4EFC-B996-E239CBCBFA8B}.Debug|Any CPU.Build.0 = Debug|Any CPU
		{904BFF70-D10B-4EFC-B996-E239CBCBFA8B}.Release|Any CPU.ActiveCfg = Release|Any CPU
		{904BFF70-D10B-4EFC-B996-E239CBCBFA8B}.Release|Any CPU.Build.0 = Release|Any CPU
		{8F2C94DD-4F0E-44CF-986B-65B6C9AF301F}.Debug|Any CPU.ActiveCfg = Debug|Any CPU
		{8F2C94DD-4F0E-44CF-986B-65B6C9AF301F}.Debug|Any CPU.Build.0 = Debug|Any CPU
		{8F2C94DD-4F0E-44CF-986B-65B6C9AF301F}.Release|Any CPU.ActiveCfg = Release|Any CPU
		{8F2C94DD-4F0E-44CF-986B-65B6C9AF301F}.Release|Any CPU.Build.0 = Release|Any CPU
	EndGlobalSection
	GlobalSection(SolutionProperties) = preSolution
		HideSolutionNode = FALSE
	EndGlobalSection
	GlobalSection(ExtensibilityGlobals) = postSolution
		SolutionGuid = {69638F85-C328-42C0-9A1A-6AF0642A9474}
	EndGlobalSection
EndGlobal
